
Microsoft Visual Studio Solution File, Format Version 12.00
# Visual Studio Version 17
VisualStudioVersion = 17.0.31912.275
MinimumVisualStudioVersion = 10.0.40219.1
Project("{9A19103F-16F7-4668-BE54-9A1E7A4F7556}") = "SiT.Scheduler.Data", "SiT.Scheduler.Data\SiT.Scheduler.Data.csproj", "{31464FB9-0783-4EF5-B3DD-3B0DFF5BC026}"
EndProject
Project("{2150E333-8FDC-42A3-9474-1A3956D46DE8}") = "Solution Items", "Solution Items", "{287E830B-4B54-4FF0-9454-3C51AF97971E}"
	ProjectSection(SolutionItems) = preProject
		.editorconfig = .editorconfig
		.gitignore = .gitignore
		README.md = README.md
	EndProjectSection
EndProject
Project("{9A19103F-16F7-4668-BE54-9A1E7A4F7556}") = "SiT.Scheduler.Utilities", "SiT.Scheduler.Utilities\SiT.Scheduler.Utilities.csproj", "{632FA370-64C0-4806-9D73-897C5A9E28D2}"
EndProject
Project("{2150E333-8FDC-42A3-9474-1A3956D46DE8}") = "Tests", "Tests", "{6EE2B220-0C99-47E9-832A-6DEC6D7D4538}"
EndProject
Project("{9A19103F-16F7-4668-BE54-9A1E7A4F7556}") = "SiT.Scheduler.Tests", "SiT.Scheduler.Tests\SiT.Scheduler.Tests.csproj", "{8E76D4D0-D75A-4379-93E3-BDE5FFDC9FB6}"
EndProject
Project("{9A19103F-16F7-4668-BE54-9A1E7A4F7556}") = "SiT.Scheduler.Data.PostgreSql", "SiT.Scheduler.Data.PostgreSql\SiT.Scheduler.Data.PostgreSql.csproj", "{78E88FE4-F201-48DD-A9DB-037512F253AE}"
EndProject
Project("{9A19103F-16F7-4668-BE54-9A1E7A4F7556}") = "SiT.Scheduler.Resources", "SiT.Scheduler.Resources\SiT.Scheduler.Resources.csproj", "{3D08270D-D0B4-42AD-B359-B0794230A3B8}"
EndProject
Project("{9A19103F-16F7-4668-BE54-9A1E7A4F7556}") = "SiT.Scheduler.Resources.Tests", "SiT.Scheduler.Resources.Tests\SiT.Scheduler.Resources.Tests.csproj", "{4216CB68-F878-4425-9198-26A88270EE1A}"
EndProject
Project("{9A19103F-16F7-4668-BE54-9A1E7A4F7556}") = "SiT.Scheduler.Repository.Tests", "SiT.Scheduler.Repository.Tests\SiT.Scheduler.Repository.Tests.csproj", "{6A62C3CB-E2D3-4D17-9473-4DDB54221B66}"
EndProject
Project("{9A19103F-16F7-4668-BE54-9A1E7A4F7556}") = "SiT.Scheduler.Core", "SiT.Scheduler.Core\SiT.Scheduler.Core.csproj", "{CFA86AB8-A6D2-417A-BEEC-4087F4B8365F}"
EndProject
Project("{9A19103F-16F7-4668-BE54-9A1E7A4F7556}") = "SiT.Scheduler.API", "SiT.Scheduler.API\SiT.Scheduler.API.csproj", "{350B0AE9-19FD-4B9C-A617-2ABECE344BDB}"
EndProject
Project("{9A19103F-16F7-4668-BE54-9A1E7A4F7556}") = "SiT.Scheduler.DI", "SiT.Scheduler.DI\SiT.Scheduler.DI.csproj", "{55D5A256-99A2-4984-A1EC-434B830D4C84}"
EndProject
Global
	GlobalSection(SolutionConfigurationPlatforms) = preSolution
		Debug|Any CPU = Debug|Any CPU
		Release|Any CPU = Release|Any CPU
	EndGlobalSection
	GlobalSection(ProjectConfigurationPlatforms) = postSolution
		{31464FB9-0783-4EF5-B3DD-3B0DFF5BC026}.Debug|Any CPU.ActiveCfg = Debug|Any CPU
		{31464FB9-0783-4EF5-B3DD-3B0DFF5BC026}.Debug|Any CPU.Build.0 = Debug|Any CPU
		{31464FB9-0783-4EF5-B3DD-3B0DFF5BC026}.Release|Any CPU.ActiveCfg = Release|Any CPU
		{31464FB9-0783-4EF5-B3DD-3B0DFF5BC026}.Release|Any CPU.Build.0 = Release|Any CPU
		{632FA370-64C0-4806-9D73-897C5A9E28D2}.Debug|Any CPU.ActiveCfg = Debug|Any CPU
		{632FA370-64C0-4806-9D73-897C5A9E28D2}.Debug|Any CPU.Build.0 = Debug|Any CPU
		{632FA370-64C0-4806-9D73-897C5A9E28D2}.Release|Any CPU.ActiveCfg = Release|Any CPU
		{632FA370-64C0-4806-9D73-897C5A9E28D2}.Release|Any CPU.Build.0 = Release|Any CPU
		{8E76D4D0-D75A-4379-93E3-BDE5FFDC9FB6}.Debug|Any CPU.ActiveCfg = Debug|Any CPU
		{8E76D4D0-D75A-4379-93E3-BDE5FFDC9FB6}.Debug|Any CPU.Build.0 = Debug|Any CPU
		{8E76D4D0-D75A-4379-93E3-BDE5FFDC9FB6}.Release|Any CPU.ActiveCfg = Release|Any CPU
		{8E76D4D0-D75A-4379-93E3-BDE5FFDC9FB6}.Release|Any CPU.Build.0 = Release|Any CPU
		{78E88FE4-F201-48DD-A9DB-037512F253AE}.Debug|Any CPU.ActiveCfg = Debug|Any CPU
		{78E88FE4-F201-48DD-A9DB-037512F253AE}.Debug|Any CPU.Build.0 = Debug|Any CPU
		{78E88FE4-F201-48DD-A9DB-037512F253AE}.Release|Any CPU.ActiveCfg = Release|Any CPU
		{78E88FE4-F201-48DD-A9DB-037512F253AE}.Release|Any CPU.Build.0 = Release|Any CPU
		{3D08270D-D0B4-42AD-B359-B0794230A3B8}.Debug|Any CPU.ActiveCfg = Debug|Any CPU
		{3D08270D-D0B4-42AD-B359-B0794230A3B8}.Debug|Any CPU.Build.0 = Debug|Any CPU
		{3D08270D-D0B4-42AD-B359-B0794230A3B8}.Release|Any CPU.ActiveCfg = Release|Any CPU
		{3D08270D-D0B4-42AD-B359-B0794230A3B8}.Release|Any CPU.Build.0 = Release|Any CPU
		{4216CB68-F878-4425-9198-26A88270EE1A}.Debug|Any CPU.ActiveCfg = Debug|Any CPU
		{4216CB68-F878-4425-9198-26A88270EE1A}.Debug|Any CPU.Build.0 = Debug|Any CPU
		{4216CB68-F878-4425-9198-26A88270EE1A}.Release|Any CPU.ActiveCfg = Release|Any CPU
		{4216CB68-F878-4425-9198-26A88270EE1A}.Release|Any CPU.Build.0 = Release|Any CPU
		{6A62C3CB-E2D3-4D17-9473-4DDB54221B66}.Debug|Any CPU.ActiveCfg = Debug|Any CPU
		{6A62C3CB-E2D3-4D17-9473-4DDB54221B66}.Debug|Any CPU.Build.0 = Debug|Any CPU
		{6A62C3CB-E2D3-4D17-9473-4DDB54221B66}.Release|Any CPU.ActiveCfg = Release|Any CPU
		{6A62C3CB-E2D3-4D17-9473-4DDB54221B66}.Release|Any CPU.Build.0 = Release|Any CPU
		{CFA86AB8-A6D2-417A-BEEC-4087F4B8365F}.Debug|Any CPU.ActiveCfg = Debug|Any CPU
		{CFA86AB8-A6D2-417A-BEEC-4087F4B8365F}.Debug|Any CPU.Build.0 = Debug|Any CPU
		{CFA86AB8-A6D2-417A-BEEC-4087F4B8365F}.Release|Any CPU.ActiveCfg = Release|Any CPU
		{CFA86AB8-A6D2-417A-BEEC-4087F4B8365F}.Release|Any CPU.Build.0 = Release|Any CPU
		{350B0AE9-19FD-4B9C-A617-2ABECE344BDB}.Debug|Any CPU.ActiveCfg = Debug|Any CPU
		{350B0AE9-19FD-4B9C-A617-2ABECE344BDB}.Debug|Any CPU.Build.0 = Debug|Any CPU
		{350B0AE9-19FD-4B9C-A617-2ABECE344BDB}.Release|Any CPU.ActiveCfg = Release|Any CPU
		{350B0AE9-19FD-4B9C-A617-2ABECE344BDB}.Release|Any CPU.Build.0 = Release|Any CPU
		{55D5A256-99A2-4984-A1EC-434B830D4C84}.Debug|Any CPU.ActiveCfg = Debug|Any CPU
		{55D5A256-99A2-4984-A1EC-434B830D4C84}.Debug|Any CPU.Build.0 = Debug|Any CPU
		{55D5A256-99A2-4984-A1EC-434B830D4C84}.Release|Any CPU.ActiveCfg = Release|Any CPU
		{55D5A256-99A2-4984-A1EC-434B830D4C84}.Release|Any CPU.Build.0 = Release|Any CPU
	EndGlobalSection
	GlobalSection(SolutionProperties) = preSolution
		HideSolutionNode = FALSE
	EndGlobalSection
	GlobalSection(NestedProjects) = preSolution
		{8E76D4D0-D75A-4379-93E3-BDE5FFDC9FB6} = {6EE2B220-0C99-47E9-832A-6DEC6D7D4538}
		{4216CB68-F878-4425-9198-26A88270EE1A} = {6EE2B220-0C99-47E9-832A-6DEC6D7D4538}
		{6A62C3CB-E2D3-4D17-9473-4DDB54221B66} = {6EE2B220-0C99-47E9-832A-6DEC6D7D4538}
	EndGlobalSection
	GlobalSection(ExtensibilityGlobals) = postSolution
		SolutionGuid = {71AE1BC8-E27C-4B6E-965B-02A53F688A19}
	EndGlobalSection
EndGlobal
